
Microsoft Visual Studio Solution File, Format Version 12.00
# Visual Studio Version 17
VisualStudioVersion = 17.3.32929.385
MinimumVisualStudioVersion = 10.0.40219.1
Project("{FAE04EC0-301F-11D3-BF4B-00C04F79EFBC}") = "biggerprint", "biggerprint\biggerprint.csproj", "{86F4AEA5-9222-4C8E-9FCD-C9AB9F8619B5}"
EndProject
Global
	GlobalSection(SolutionConfigurationPlatforms) = preSolution
		Debug|Any CPU = Debug|Any CPU
		Release|Any CPU = Release|Any CPU
	EndGlobalSection
	GlobalSection(ProjectConfigurationPlatforms) = postSolution
		{86F4AEA5-9222-4C8E-9FCD-C9AB9F8619B5}.Debug|Any CPU.ActiveCfg = Debug|Any CPU
		{86F4AEA5-9222-4C8E-9FCD-C9AB9F8619B5}.Debug|Any CPU.Build.0 = Debug|Any CPU
		{86F4AEA5-9222-4C8E-9FCD-C9AB9F8619B5}.Release|Any CPU.ActiveCfg = Release|Any CPU
		{86F4AEA5-9222-4C8E-9FCD-C9AB9F8619B5}.Release|Any CPU.Build.0 = Release|Any CPU
	EndGlobalSection
	GlobalSection(SolutionProperties) = preSolution
		HideSolutionNode = FALSE
	EndGlobalSection
	GlobalSection(ExtensibilityGlobals) = postSolution
		SolutionGuid = {0A488A13-838B-4477-B345-128CCC2CCE74}
	EndGlobalSection
EndGlobal
